// !$*UTF8*$!
{
	archiveVersion = 1;
	classes = {
	};
	objectVersion = 52;
	objects = {

/* Begin PBXBuildFile section */
		0207DA581B56EA530066E2B4 /* Images.xcassets in Resources */ = {isa = PBXBuildFile; fileRef = 0207DA571B56EA530066E2B4 /* Images.xcassets */; };
		1D3623260D0F684500981E51 /* AppDelegate.m in Sources */ = {isa = PBXBuildFile; fileRef = 1D3623250D0F684500981E51 /* AppDelegate.m */; };
		1D60589B0D05DD56006BFB54 /* main.m in Sources */ = {isa = PBXBuildFile; fileRef = 29B97316FDCFA39411CA2CEA /* main.m */; };
		301BF552109A68D80062928A /* libCordova.a in Frameworks */ = {isa = PBXBuildFile; fileRef = 301BF535109A57CC0062928A /* libCordova.a */; settings = {ATTRIBUTES = (Required, ); }; };
		302D95F114D2391D003F00A1 /* MainViewController.m in Sources */ = {isa = PBXBuildFile; fileRef = 302D95EF14D2391D003F00A1 /* MainViewController.m */; };
		302D95F214D2391D003F00A1 /* MainViewController.xib in Resources */ = {isa = PBXBuildFile; fileRef = 302D95F014D2391D003F00A1 /* MainViewController.xib */; };
		6AFF5BF91D6E424B00AB3073 /* CDVLaunchScreen.storyboard in Resources */ = {isa = PBXBuildFile; fileRef = 6AFF5BF81D6E424B00AB3073 /* CDVLaunchScreen.storyboard */; };
		C716DCEA3FC9442AA87F0A1E /* AppAvailability.m in Sources */ = {isa = PBXBuildFile; fileRef = DE1BE263B2404C6C81C98627 /* AppAvailability.m */; };
		D448994FA68A485889EE62D9 /* CDVDevice.m in Sources */ = {isa = PBXBuildFile; fileRef = CDD8A62C623649A6AADB2FF0 /* CDVDevice.m */; };
		F84961CDA92040C0813E1D50 /* CDVInAppBrowser.m in Sources */ = {isa = PBXBuildFile; fileRef = 3D11C914C0C849818AD5DD0B /* CDVInAppBrowser.m */; };
		109B9D4A84EB43FCA7B8D884 /* CDVInAppBrowserOptions.m in Sources */ = {isa = PBXBuildFile; fileRef = 436EC69F675146DBAF3CC3C2 /* CDVInAppBrowserOptions.m */; };
		D4472A982F52419C87D6B410 /* CDVInAppBrowserNavigationController.m in Sources */ = {isa = PBXBuildFile; fileRef = 894EDE3B4CD6450A9A1BC5C5 /* CDVInAppBrowserNavigationController.m */; };
		BFCF9042687D47DA9468F09D /* CDVUIInAppBrowser.m in Sources */ = {isa = PBXBuildFile; fileRef = FD54E718FE4045E4AD601A5A /* CDVUIInAppBrowser.m */; };
		320A6660270E4B93B802211D /* CDVWKInAppBrowser.m in Sources */ = {isa = PBXBuildFile; fileRef = 3015B58DD2D24515B1BA22E6 /* CDVWKInAppBrowser.m */; };
		A659CBD46939442F8742BE25 /* CDVWKInAppBrowserUIDelegate.m in Sources */ = {isa = PBXBuildFile; fileRef = 9491703BE89148B18F6A14AF /* CDVWKInAppBrowserUIDelegate.m */; };
		6B531E6060FE4EAC8B2C0620 /* CDVIonicKeyboard.m in Sources */ = {isa = PBXBuildFile; fileRef = 12EE63642FAE42E0ACD62123 /* CDVIonicKeyboard.m */; };
		97159DCF2D034B15BCBCDBF9 /* CDVWKWebViewEngine.m in Sources */ = {isa = PBXBuildFile; fileRef = B4CC13D686A8489EBAE95B37 /* CDVWKWebViewEngine.m */; };
		C7A8F6B8DECB4E9086C88D63 /* CDVWKWebViewUIDelegate.m in Sources */ = {isa = PBXBuildFile; fileRef = 2953AA8DAB20447F9341E30E /* CDVWKWebViewUIDelegate.m */; };
		25A4D8D59EE44A77910D0244 /* CDVWKProcessPoolFactory.m in Sources */ = {isa = PBXBuildFile; fileRef = 1FE2333410D34EB5B9560008 /* CDVWKProcessPoolFactory.m */; };
		9BCC5F8F95FF49FC8664EA7F /* IONAssetHandler.m in Sources */ = {isa = PBXBuildFile; fileRef = 33F3E7ADB5C94E1CB89FF2ED /* IONAssetHandler.m */; };
		047F3B7208914A7EBEAE98CB /* GCDWebServer.m in Sources */ = {isa = PBXBuildFile; fileRef = 68ECAA3D65204D9E8FDEDD9C /* GCDWebServer.m */; };
		B5D70799BCCB48E8BE1A7C08 /* GCDWebServerConnection.m in Sources */ = {isa = PBXBuildFile; fileRef = 641E32887E4D433288CF6500 /* GCDWebServerConnection.m */; };
		4BBD8400216542EABB83618C /* GCDWebServerFunctions.m in Sources */ = {isa = PBXBuildFile; fileRef = AF6942DA85FE44798357B7BE /* GCDWebServerFunctions.m */; };
		7E43E634FBD9465A95DC0648 /* GCDWebServerRequest.m in Sources */ = {isa = PBXBuildFile; fileRef = C5B90623FD6B4F188358636C /* GCDWebServerRequest.m */; };
		1A40DE3E14AF45B4BBF3FC25 /* GCDWebServerResponse.m in Sources */ = {isa = PBXBuildFile; fileRef = CCEABC0067694318A0DB034B /* GCDWebServerResponse.m */; };
		2B9B7CCE50B64335BDA66D2D /* GCDWebServerDataRequest.m in Sources */ = {isa = PBXBuildFile; fileRef = 48D254B0101D4BE0AD2EC61B /* GCDWebServerDataRequest.m */; };
		85ADF7AF42E24F4D9CD0B25A /* GCDWebServerFileRequest.m in Sources */ = {isa = PBXBuildFile; fileRef = DC029944F435479CBD4D2922 /* GCDWebServerFileRequest.m */; };
		6117F280C5114FAAA0747FE8 /* GCDWebServerMultiPartFormRequest.m in Sources */ = {isa = PBXBuildFile; fileRef = 740498614835407F9A391E86 /* GCDWebServerMultiPartFormRequest.m */; };
		4B367917219B4171B0B1A6D5 /* GCDWebServerURLEncodedFormRequest.m in Sources */ = {isa = PBXBuildFile; fileRef = 5C98DBD32E764453B134CF9C /* GCDWebServerURLEncodedFormRequest.m */; };
		7B86955DC12B47B289953E81 /* GCDWebServerDataResponse.m in Sources */ = {isa = PBXBuildFile; fileRef = 18A101782475488E9B918719 /* GCDWebServerDataResponse.m */; };
		27CF1AD894DB4907A544A565 /* GCDWebServerErrorResponse.m in Sources */ = {isa = PBXBuildFile; fileRef = 26064C8C158C4AE6ACFFB184 /* GCDWebServerErrorResponse.m */; };
		37ADDB926B9E4D259223E0E7 /* GCDWebServerFileResponse.m in Sources */ = {isa = PBXBuildFile; fileRef = 6636707BD0074FB4800031AC /* GCDWebServerFileResponse.m */; };
		E8C6603D14A54EB4A8E9CB96 /* GCDWebServerStreamedResponse.m in Sources */ = {isa = PBXBuildFile; fileRef = 49B3E7DF72CF4411BD90D01D /* GCDWebServerStreamedResponse.m */; };
		2BA96408F2F0462D8AE69317 /* WebKit.framework in Frameworks */ = {isa = PBXBuildFile; fileRef = 21CB50A3AD0D4F8C94F708EB /* WebKit.framework */; settings = {ATTRIBUTES = (Weak, ); }; };
		49B1E84FFC364C5E9EACC87F /* libz.tbd in Frameworks */ = {isa = PBXBuildFile; fileRef = 1852DA1383444D839CE904EC /* libz.tbd */; };
		82A2C3981BC64432A6F08DF3 /* CDVStatusBar.m in Sources */ = {isa = PBXBuildFile; fileRef = 0EB8DE373C2140E5A1E16CD2 /* CDVStatusBar.m */; };
		A4FC1FFB2EE146088E8483C3 /* StreamingMedia.m in Sources */ = {isa = PBXBuildFile; fileRef = 8B7966D0AE4E43DFB07CC24B /* StreamingMedia.m */; };
		8C2B25620BED4EF4A178CA89 /* LandscapeVideo.m in Sources */ = {isa = PBXBuildFile; fileRef = BE49991B137C411AB1254143 /* LandscapeVideo.m */; };
		BC2EED9642944EDDB2F4E793 /* PortraitVideo.m in Sources */ = {isa = PBXBuildFile; fileRef = 4033361EE37B4DAB99986503 /* PortraitVideo.m */; };
		7EB6A93155CD4B6F8F7A8920 /* MediaPlayer.framework in Frameworks */ = {isa = PBXBuildFile; fileRef = E0C8550674BA4A068C6846A3 /* MediaPlayer.framework */; };
		CADC2F92737740BEA15D8437 /* UICKeyChainStore.m in Sources */ = {isa = PBXBuildFile; fileRef = 16EC112FDC8C4ADBB3647755 /* UICKeyChainStore.m */; };
		E0CF01B27FC94A5BACDD12E5 /* CDVUniqueDeviceID.m in Sources */ = {isa = PBXBuildFile; fileRef = D6D709C459EF45D28D24E4D0 /* CDVUniqueDeviceID.m */; };
		0E2D923CECDF4733B22270AD /* Security.framework in Frameworks */ = {isa = PBXBuildFile; fileRef = 5BC0A709DBC14C9B8C14D814 /* Security.framework */; };
		59315E629F3A4C7DB2228643 /* YoutubeVideoPlayer.m in Sources */ = {isa = PBXBuildFile; fileRef = BAA69B7401D548D98F74D5CD /* YoutubeVideoPlayer.m */; };
		46185065C349465A8C56CF6A /* AVFoundation.framework in Frameworks */ = {isa = PBXBuildFile; fileRef = 1A089A81FF5C4C21B06B3F06 /* AVFoundation.framework */; };
		CC373D7B768649FFB071A8C4 /* JavaScriptCore.framework in Frameworks */ = {isa = PBXBuildFile; fileRef = 0229612550984A6C84B9F4E2 /* JavaScriptCore.framework */; };
/* End PBXBuildFile section */

/* Begin PBXContainerItemProxy section */
		301BF534109A57CC0062928A /* PBXContainerItemProxy */ = {
			isa = PBXContainerItemProxy;
			containerPortal = 301BF52D109A57CC0062928A /* CordovaLib/CordovaLib.xcodeproj */;
			proxyType = 2;
			remoteGlobalIDString = D2AAC07E0554694100DB518D;
			remoteInfo = CordovaLib;
		};
		301BF550109A68C00062928A /* PBXContainerItemProxy */ = {
			isa = PBXContainerItemProxy;
			containerPortal = 301BF52D109A57CC0062928A /* CordovaLib/CordovaLib.xcodeproj */;
			proxyType = 1;
			remoteGlobalIDString = D2AAC07D0554694100DB518D;
			remoteInfo = CordovaLib;
		};
		907D8123214C687600058A10 /* PBXContainerItemProxy */ = {
			isa = PBXContainerItemProxy;
			containerPortal = 301BF52D109A57CC0062928A /* CordovaLib/CordovaLib.xcodeproj */;
			proxyType = 2;
			remoteGlobalIDString = C0C01EB21E3911D50056E6CB;
			remoteInfo = Cordova;
		};
/* End PBXContainerItemProxy section */

/* Begin PBXFileReference section */
		0207DA571B56EA530066E2B4 /* Images.xcassets */ = {isa = PBXFileReference; lastKnownFileType = folder.assetcatalog; name = Images.xcassets; path = "Xplayer/Images.xcassets"; sourceTree = SOURCE_ROOT; };
		1D3623240D0F684500981E51 /* AppDelegate.h */ = {isa = PBXFileReference; fileEncoding = 4; lastKnownFileType = sourcecode.c.h; path = AppDelegate.h; sourceTree = "<group>"; };
		1D3623250D0F684500981E51 /* AppDelegate.m */ = {isa = PBXFileReference; fileEncoding = 4; lastKnownFileType = sourcecode.c.objc; path = AppDelegate.m; sourceTree = "<group>"; };
		1D6058910D05DD3D006BFB54 /* Xplayer.app */ = {isa = PBXFileReference; explicitFileType = wrapper.application; includeInIndex = 0; path = "Xplayer.app"; sourceTree = BUILT_PRODUCTS_DIR; };
		29B97316FDCFA39411CA2CEA /* main.m */ = {isa = PBXFileReference; fileEncoding = 4; lastKnownFileType = sourcecode.c.objc; path = main.m; sourceTree = "<group>"; };
		301BF52D109A57CC0062928A /* CordovaLib/CordovaLib.xcodeproj */ = {isa = PBXFileReference; lastKnownFileType = "wrapper.pb-project"; name = CordovaLib.xcodeproj; path = CordovaLib\CordovaLib.xcodeproj; sourceTree = "<group>"; };
		301BF56E109A69640062928A /* www */ = {isa = PBXFileReference; lastKnownFileType = folder; path = www; sourceTree = SOURCE_ROOT; };
		302D95EE14D2391D003F00A1 /* MainViewController.h */ = {isa = PBXFileReference; fileEncoding = 4; lastKnownFileType = sourcecode.c.h; path = MainViewController.h; sourceTree = "<group>"; };
		302D95EF14D2391D003F00A1 /* MainViewController.m */ = {isa = PBXFileReference; fileEncoding = 4; lastKnownFileType = sourcecode.c.objc; path = MainViewController.m; sourceTree = "<group>"; };
		302D95F014D2391D003F00A1 /* MainViewController.xib */ = {isa = PBXFileReference; fileEncoding = 4; lastKnownFileType = file.xib; path = MainViewController.xib; sourceTree = "<group>"; };
		3047A50F1AB8059700498E2A /* build-debug.xcconfig */ = {isa = PBXFileReference; fileEncoding = 4; lastKnownFileType = text.xcconfig; name = "build-debug.xcconfig"; path = "cordova/build-debug.xcconfig"; sourceTree = SOURCE_ROOT; };
		3047A5101AB8059700498E2A /* build-release.xcconfig */ = {isa = PBXFileReference; fileEncoding = 4; lastKnownFileType = text.xcconfig; name = "build-release.xcconfig"; path = "cordova/build-release.xcconfig"; sourceTree = SOURCE_ROOT; };
		3047A5111AB8059700498E2A /* build.xcconfig */ = {isa = PBXFileReference; fileEncoding = 4; lastKnownFileType = text.xcconfig; name = build.xcconfig; path = cordova/build.xcconfig; sourceTree = SOURCE_ROOT; };
		32CA4F630368D1EE00C91783 /* Xplayer-Prefix.pch */ = {isa = PBXFileReference; fileEncoding = 4; lastKnownFileType = sourcecode.c.h; path = "Xplayer-Prefix.pch"; sourceTree = "<group>"; };
		6AFF5BF81D6E424B00AB3073 /* CDVLaunchScreen.storyboard */ = {isa = PBXFileReference; fileEncoding = 4; lastKnownFileType = file.storyboard; name = CDVLaunchScreen.storyboard; path = "Xplayer/CDVLaunchScreen.storyboard"; sourceTree = SOURCE_ROOT; };
		8D1107310486CEB800E47090 /* Xplayer-Info.plist */ = {isa = PBXFileReference; fileEncoding = 4; lastKnownFileType = text.plist.xml; name = "Xplayer-Info.plist"; path = "Xplayer/Xplayer-Info.plist"; plistStructureDefinitionIdentifier = "com.apple.xcode.plist.structure-definition.iphone.info-plist"; sourceTree = SOURCE_ROOT; };
		EB87FDF31871DA8E0020F90C /* www */ = {isa = PBXFileReference; lastKnownFileType = folder; name = www; path = ../../www; sourceTree = "<group>"; };
		EB87FDF41871DAF40020F90C /* config.xml */ = {isa = PBXFileReference; lastKnownFileType = text.xml; name = config.xml; path = ../../config.xml; sourceTree = "<group>"; };
		ED33DF2A687741AEAF9F8254 /* Bridging-Header.h */ = {isa = PBXFileReference; fileEncoding = 4; lastKnownFileType = sourcecode.c.h; path = "Bridging-Header.h"; sourceTree = "<group>"; };
		F840E1F0165FE0F500CFE078 /* config.xml */ = {isa = PBXFileReference; lastKnownFileType = text.xml; name = config.xml; path = "Xplayer/config.xml"; sourceTree = "<group>"; };
		DE1BE263B2404C6C81C98627 /* AppAvailability.m */ = {isa = PBXFileReference; name = "AppAvailability.m"; path = "cordova-plugin-appavailability/AppAvailability.m"; sourceTree = "<group>"; fileEncoding = 4; lastKnownFileType = sourcecode.c.objc; explicitFileType = undefined; includeInIndex = 0; };
		9C874115AE994661A4669BA4 /* AppAvailability.h */ = {isa = PBXFileReference; name = "AppAvailability.h"; path = "cordova-plugin-appavailability/AppAvailability.h"; sourceTree = "<group>"; fileEncoding = 4; lastKnownFileType = sourcecode.c.h; explicitFileType = undefined; includeInIndex = 0; };
		CDD8A62C623649A6AADB2FF0 /* CDVDevice.m */ = {isa = PBXFileReference; name = "CDVDevice.m"; path = "cordova-plugin-device/CDVDevice.m"; sourceTree = "<group>"; fileEncoding = 4; lastKnownFileType = sourcecode.c.objc; explicitFileType = undefined; includeInIndex = 0; };
		93C036925D184A12B3D4CFB2 /* CDVDevice.h */ = {isa = PBXFileReference; name = "CDVDevice.h"; path = "cordova-plugin-device/CDVDevice.h"; sourceTree = "<group>"; fileEncoding = 4; lastKnownFileType = sourcecode.c.h; explicitFileType = undefined; includeInIndex = 0; };
		3D11C914C0C849818AD5DD0B /* CDVInAppBrowser.m */ = {isa = PBXFileReference; name = "CDVInAppBrowser.m"; path = "cordova-plugin-inappbrowser/CDVInAppBrowser.m"; sourceTree = "<group>"; fileEncoding = 4; lastKnownFileType = sourcecode.c.objc; explicitFileType = undefined; includeInIndex = 0; };
		436EC69F675146DBAF3CC3C2 /* CDVInAppBrowserOptions.m */ = {isa = PBXFileReference; name = "CDVInAppBrowserOptions.m"; path = "cordova-plugin-inappbrowser/CDVInAppBrowserOptions.m"; sourceTree = "<group>"; fileEncoding = 4; lastKnownFileType = sourcecode.c.objc; explicitFileType = undefined; includeInIndex = 0; };
		894EDE3B4CD6450A9A1BC5C5 /* CDVInAppBrowserNavigationController.m */ = {isa = PBXFileReference; name = "CDVInAppBrowserNavigationController.m"; path = "cordova-plugin-inappbrowser/CDVInAppBrowserNavigationController.m"; sourceTree = "<group>"; fileEncoding = 4; lastKnownFileType = sourcecode.c.objc; explicitFileType = undefined; includeInIndex = 0; };
		FD54E718FE4045E4AD601A5A /* CDVUIInAppBrowser.m */ = {isa = PBXFileReference; name = "CDVUIInAppBrowser.m"; path = "cordova-plugin-inappbrowser/CDVUIInAppBrowser.m"; sourceTree = "<group>"; fileEncoding = 4; lastKnownFileType = sourcecode.c.objc; explicitFileType = undefined; includeInIndex = 0; };
		3015B58DD2D24515B1BA22E6 /* CDVWKInAppBrowser.m */ = {isa = PBXFileReference; name = "CDVWKInAppBrowser.m"; path = "cordova-plugin-inappbrowser/CDVWKInAppBrowser.m"; sourceTree = "<group>"; fileEncoding = 4; lastKnownFileType = sourcecode.c.objc; explicitFileType = undefined; includeInIndex = 0; };
		9491703BE89148B18F6A14AF /* CDVWKInAppBrowserUIDelegate.m */ = {isa = PBXFileReference; name = "CDVWKInAppBrowserUIDelegate.m"; path = "cordova-plugin-inappbrowser/CDVWKInAppBrowserUIDelegate.m"; sourceTree = "<group>"; fileEncoding = 4; lastKnownFileType = sourcecode.c.objc; explicitFileType = undefined; includeInIndex = 0; };
		CBD42E59A4A14C4092AF628B /* CDVInAppBrowser.h */ = {isa = PBXFileReference; name = "CDVInAppBrowser.h"; path = "cordova-plugin-inappbrowser/CDVInAppBrowser.h"; sourceTree = "<group>"; fileEncoding = 4; lastKnownFileType = sourcecode.c.h; explicitFileType = undefined; includeInIndex = 0; };
		F9686A0255314116B5CA8179 /* CDVInAppBrowserOptions.h */ = {isa = PBXFileReference; name = "CDVInAppBrowserOptions.h"; path = "cordova-plugin-inappbrowser/CDVInAppBrowserOptions.h"; sourceTree = "<group>"; fileEncoding = 4; lastKnownFileType = sourcecode.c.h; explicitFileType = undefined; includeInIndex = 0; };
		7C4A87679F7946F18B387FC6 /* CDVInAppBrowserNavigationController.h */ = {isa = PBXFileReference; name = "CDVInAppBrowserNavigationController.h"; path = "cordova-plugin-inappbrowser/CDVInAppBrowserNavigationController.h"; sourceTree = "<group>"; fileEncoding = 4; lastKnownFileType = sourcecode.c.h; explicitFileType = undefined; includeInIndex = 0; };
		B210CDA49B9B47B99D8BA0AE /* CDVUIInAppBrowser.h */ = {isa = PBXFileReference; name = "CDVUIInAppBrowser.h"; path = "cordova-plugin-inappbrowser/CDVUIInAppBrowser.h"; sourceTree = "<group>"; fileEncoding = 4; lastKnownFileType = sourcecode.c.h; explicitFileType = undefined; includeInIndex = 0; };
		9F2CDB3C7F6A4EF68867EB2C /* CDVWKInAppBrowser.h */ = {isa = PBXFileReference; name = "CDVWKInAppBrowser.h"; path = "cordova-plugin-inappbrowser/CDVWKInAppBrowser.h"; sourceTree = "<group>"; fileEncoding = 4; lastKnownFileType = sourcecode.c.h; explicitFileType = undefined; includeInIndex = 0; };
		956CDA3462E64834869AA46E /* CDVWKInAppBrowserUIDelegate.h */ = {isa = PBXFileReference; name = "CDVWKInAppBrowserUIDelegate.h"; path = "cordova-plugin-inappbrowser/CDVWKInAppBrowserUIDelegate.h"; sourceTree = "<group>"; fileEncoding = 4; lastKnownFileType = sourcecode.c.h; explicitFileType = undefined; includeInIndex = 0; };
		12EE63642FAE42E0ACD62123 /* CDVIonicKeyboard.m */ = {isa = PBXFileReference; name = "CDVIonicKeyboard.m"; path = "cordova-plugin-ionic-keyboard/CDVIonicKeyboard.m"; sourceTree = "<group>"; fileEncoding = 4; lastKnownFileType = sourcecode.c.objc; explicitFileType = undefined; includeInIndex = 0; };
		69C5ED1A49E44086A7050231 /* CDVIonicKeyboard.h */ = {isa = PBXFileReference; name = "CDVIonicKeyboard.h"; path = "cordova-plugin-ionic-keyboard/CDVIonicKeyboard.h"; sourceTree = "<group>"; fileEncoding = 4; lastKnownFileType = sourcecode.c.h; explicitFileType = undefined; includeInIndex = 0; };
		B4CC13D686A8489EBAE95B37 /* CDVWKWebViewEngine.m */ = {isa = PBXFileReference; name = "CDVWKWebViewEngine.m"; path = "cordova-plugin-ionic-webview/CDVWKWebViewEngine.m"; sourceTree = "<group>"; fileEncoding = 4; lastKnownFileType = sourcecode.c.objc; explicitFileType = undefined; includeInIndex = 0; };
		2953AA8DAB20447F9341E30E /* CDVWKWebViewUIDelegate.m */ = {isa = PBXFileReference; name = "CDVWKWebViewUIDelegate.m"; path = "cordova-plugin-ionic-webview/CDVWKWebViewUIDelegate.m"; sourceTree = "<group>"; fileEncoding = 4; lastKnownFileType = sourcecode.c.objc; explicitFileType = undefined; includeInIndex = 0; };
		1FE2333410D34EB5B9560008 /* CDVWKProcessPoolFactory.m */ = {isa = PBXFileReference; name = "CDVWKProcessPoolFactory.m"; path = "cordova-plugin-ionic-webview/CDVWKProcessPoolFactory.m"; sourceTree = "<group>"; fileEncoding = 4; lastKnownFileType = sourcecode.c.objc; explicitFileType = undefined; includeInIndex = 0; };
		33F3E7ADB5C94E1CB89FF2ED /* IONAssetHandler.m */ = {isa = PBXFileReference; name = "IONAssetHandler.m"; path = "cordova-plugin-ionic-webview/IONAssetHandler.m"; sourceTree = "<group>"; fileEncoding = 4; lastKnownFileType = sourcecode.c.objc; explicitFileType = undefined; includeInIndex = 0; };
		68ECAA3D65204D9E8FDEDD9C /* GCDWebServer.m */ = {isa = PBXFileReference; name = "GCDWebServer.m"; path = "cordova-plugin-ionic-webview/GCDWebServer.m"; sourceTree = "<group>"; fileEncoding = 4; lastKnownFileType = sourcecode.c.objc; explicitFileType = undefined; includeInIndex = 0; };
		641E32887E4D433288CF6500 /* GCDWebServerConnection.m */ = {isa = PBXFileReference; name = "GCDWebServerConnection.m"; path = "cordova-plugin-ionic-webview/GCDWebServerConnection.m"; sourceTree = "<group>"; fileEncoding = 4; lastKnownFileType = sourcecode.c.objc; explicitFileType = undefined; includeInIndex = 0; };
		AF6942DA85FE44798357B7BE /* GCDWebServerFunctions.m */ = {isa = PBXFileReference; name = "GCDWebServerFunctions.m"; path = "cordova-plugin-ionic-webview/GCDWebServerFunctions.m"; sourceTree = "<group>"; fileEncoding = 4; lastKnownFileType = sourcecode.c.objc; explicitFileType = undefined; includeInIndex = 0; };
		C5B90623FD6B4F188358636C /* GCDWebServerRequest.m */ = {isa = PBXFileReference; name = "GCDWebServerRequest.m"; path = "cordova-plugin-ionic-webview/GCDWebServerRequest.m"; sourceTree = "<group>"; fileEncoding = 4; lastKnownFileType = sourcecode.c.objc; explicitFileType = undefined; includeInIndex = 0; };
		CCEABC0067694318A0DB034B /* GCDWebServerResponse.m */ = {isa = PBXFileReference; name = "GCDWebServerResponse.m"; path = "cordova-plugin-ionic-webview/GCDWebServerResponse.m"; sourceTree = "<group>"; fileEncoding = 4; lastKnownFileType = sourcecode.c.objc; explicitFileType = undefined; includeInIndex = 0; };
		48D254B0101D4BE0AD2EC61B /* GCDWebServerDataRequest.m */ = {isa = PBXFileReference; name = "GCDWebServerDataRequest.m"; path = "cordova-plugin-ionic-webview/GCDWebServerDataRequest.m"; sourceTree = "<group>"; fileEncoding = 4; lastKnownFileType = sourcecode.c.objc; explicitFileType = undefined; includeInIndex = 0; };
		DC029944F435479CBD4D2922 /* GCDWebServerFileRequest.m */ = {isa = PBXFileReference; name = "GCDWebServerFileRequest.m"; path = "cordova-plugin-ionic-webview/GCDWebServerFileRequest.m"; sourceTree = "<group>"; fileEncoding = 4; lastKnownFileType = sourcecode.c.objc; explicitFileType = undefined; includeInIndex = 0; };
		740498614835407F9A391E86 /* GCDWebServerMultiPartFormRequest.m */ = {isa = PBXFileReference; name = "GCDWebServerMultiPartFormRequest.m"; path = "cordova-plugin-ionic-webview/GCDWebServerMultiPartFormRequest.m"; sourceTree = "<group>"; fileEncoding = 4; lastKnownFileType = sourcecode.c.objc; explicitFileType = undefined; includeInIndex = 0; };
		5C98DBD32E764453B134CF9C /* GCDWebServerURLEncodedFormRequest.m */ = {isa = PBXFileReference; name = "GCDWebServerURLEncodedFormRequest.m"; path = "cordova-plugin-ionic-webview/GCDWebServerURLEncodedFormRequest.m"; sourceTree = "<group>"; fileEncoding = 4; lastKnownFileType = sourcecode.c.objc; explicitFileType = undefined; includeInIndex = 0; };
		18A101782475488E9B918719 /* GCDWebServerDataResponse.m */ = {isa = PBXFileReference; name = "GCDWebServerDataResponse.m"; path = "cordova-plugin-ionic-webview/GCDWebServerDataResponse.m"; sourceTree = "<group>"; fileEncoding = 4; lastKnownFileType = sourcecode.c.objc; explicitFileType = undefined; includeInIndex = 0; };
		26064C8C158C4AE6ACFFB184 /* GCDWebServerErrorResponse.m */ = {isa = PBXFileReference; name = "GCDWebServerErrorResponse.m"; path = "cordova-plugin-ionic-webview/GCDWebServerErrorResponse.m"; sourceTree = "<group>"; fileEncoding = 4; lastKnownFileType = sourcecode.c.objc; explicitFileType = undefined; includeInIndex = 0; };
		6636707BD0074FB4800031AC /* GCDWebServerFileResponse.m */ = {isa = PBXFileReference; name = "GCDWebServerFileResponse.m"; path = "cordova-plugin-ionic-webview/GCDWebServerFileResponse.m"; sourceTree = "<group>"; fileEncoding = 4; lastKnownFileType = sourcecode.c.objc; explicitFileType = undefined; includeInIndex = 0; };
		49B3E7DF72CF4411BD90D01D /* GCDWebServerStreamedResponse.m */ = {isa = PBXFileReference; name = "GCDWebServerStreamedResponse.m"; path = "cordova-plugin-ionic-webview/GCDWebServerStreamedResponse.m"; sourceTree = "<group>"; fileEncoding = 4; lastKnownFileType = sourcecode.c.objc; explicitFileType = undefined; includeInIndex = 0; };
		161A6737949F4CBBB857C846 /* CDVWKWebViewEngine.h */ = {isa = PBXFileReference; name = "CDVWKWebViewEngine.h"; path = "cordova-plugin-ionic-webview/CDVWKWebViewEngine.h"; sourceTree = "<group>"; fileEncoding = 4; lastKnownFileType = sourcecode.c.h; explicitFileType = undefined; includeInIndex = 0; };
		901ACFAB78F8420DA293CE22 /* CDVWKWebViewUIDelegate.h */ = {isa = PBXFileReference; name = "CDVWKWebViewUIDelegate.h"; path = "cordova-plugin-ionic-webview/CDVWKWebViewUIDelegate.h"; sourceTree = "<group>"; fileEncoding = 4; lastKnownFileType = sourcecode.c.h; explicitFileType = undefined; includeInIndex = 0; };
		817C65596A9D4D7FBE9FBB9E /* CDVWKProcessPoolFactory.h */ = {isa = PBXFileReference; name = "CDVWKProcessPoolFactory.h"; path = "cordova-plugin-ionic-webview/CDVWKProcessPoolFactory.h"; sourceTree = "<group>"; fileEncoding = 4; lastKnownFileType = sourcecode.c.h; explicitFileType = undefined; includeInIndex = 0; };
		F228FB823A934748BBC44696 /* IONAssetHandler.h */ = {isa = PBXFileReference; name = "IONAssetHandler.h"; path = "cordova-plugin-ionic-webview/IONAssetHandler.h"; sourceTree = "<group>"; fileEncoding = 4; lastKnownFileType = sourcecode.c.h; explicitFileType = undefined; includeInIndex = 0; };
		EAD64F216C3948CAB6C899AB /* GCDWebServer.h */ = {isa = PBXFileReference; name = "GCDWebServer.h"; path = "cordova-plugin-ionic-webview/GCDWebServer.h"; sourceTree = "<group>"; fileEncoding = 4; lastKnownFileType = sourcecode.c.h; explicitFileType = undefined; includeInIndex = 0; };
		9CAB370CBCD847FA92562728 /* GCDWebServerConnection.h */ = {isa = PBXFileReference; name = "GCDWebServerConnection.h"; path = "cordova-plugin-ionic-webview/GCDWebServerConnection.h"; sourceTree = "<group>"; fileEncoding = 4; lastKnownFileType = sourcecode.c.h; explicitFileType = undefined; includeInIndex = 0; };
		4033BF41D3BA4A9691EA68A8 /* GCDWebServerFunctions.h */ = {isa = PBXFileReference; name = "GCDWebServerFunctions.h"; path = "cordova-plugin-ionic-webview/GCDWebServerFunctions.h"; sourceTree = "<group>"; fileEncoding = 4; lastKnownFileType = sourcecode.c.h; explicitFileType = undefined; includeInIndex = 0; };
		908ED2F526D440AEB574B0F4 /* GCDWebServerHTTPStatusCodes.h */ = {isa = PBXFileReference; name = "GCDWebServerHTTPStatusCodes.h"; path = "cordova-plugin-ionic-webview/GCDWebServerHTTPStatusCodes.h"; sourceTree = "<group>"; fileEncoding = 4; lastKnownFileType = sourcecode.c.h; explicitFileType = undefined; includeInIndex = 0; };
		8F32CC87E84A4697A5717F85 /* GCDWebServerPrivate.h */ = {isa = PBXFileReference; name = "GCDWebServerPrivate.h"; path = "cordova-plugin-ionic-webview/GCDWebServerPrivate.h"; sourceTree = "<group>"; fileEncoding = 4; lastKnownFileType = sourcecode.c.h; explicitFileType = undefined; includeInIndex = 0; };
		51F2E4EFCA6D4052820223E8 /* GCDWebServerRequest.h */ = {isa = PBXFileReference; name = "GCDWebServerRequest.h"; path = "cordova-plugin-ionic-webview/GCDWebServerRequest.h"; sourceTree = "<group>"; fileEncoding = 4; lastKnownFileType = sourcecode.c.h; explicitFileType = undefined; includeInIndex = 0; };
		0BCDEE1E8BF34CB58545612B /* GCDWebServerResponse.h */ = {isa = PBXFileReference; name = "GCDWebServerResponse.h"; path = "cordova-plugin-ionic-webview/GCDWebServerResponse.h"; sourceTree = "<group>"; fileEncoding = 4; lastKnownFileType = sourcecode.c.h; explicitFileType = undefined; includeInIndex = 0; };
		FA055CA6723941F6BD1A5B2A /* GCDWebServerDataRequest.h */ = {isa = PBXFileReference; name = "GCDWebServerDataRequest.h"; path = "cordova-plugin-ionic-webview/GCDWebServerDataRequest.h"; sourceTree = "<group>"; fileEncoding = 4; lastKnownFileType = sourcecode.c.h; explicitFileType = undefined; includeInIndex = 0; };
		6799BBF105DA4F7DB1E1D009 /* GCDWebServerFileRequest.h */ = {isa = PBXFileReference; name = "GCDWebServerFileRequest.h"; path = "cordova-plugin-ionic-webview/GCDWebServerFileRequest.h"; sourceTree = "<group>"; fileEncoding = 4; lastKnownFileType = sourcecode.c.h; explicitFileType = undefined; includeInIndex = 0; };
		60A25E81FCD244C5B2856AB6 /* GCDWebServerMultiPartFormRequest.h */ = {isa = PBXFileReference; name = "GCDWebServerMultiPartFormRequest.h"; path = "cordova-plugin-ionic-webview/GCDWebServerMultiPartFormRequest.h"; sourceTree = "<group>"; fileEncoding = 4; lastKnownFileType = sourcecode.c.h; explicitFileType = undefined; includeInIndex = 0; };
		9F581A5E002C49B29EBF0D3F /* GCDWebServerURLEncodedFormRequest.h */ = {isa = PBXFileReference; name = "GCDWebServerURLEncodedFormRequest.h"; path = "cordova-plugin-ionic-webview/GCDWebServerURLEncodedFormRequest.h"; sourceTree = "<group>"; fileEncoding = 4; lastKnownFileType = sourcecode.c.h; explicitFileType = undefined; includeInIndex = 0; };
		2B85D8A8F608461CA87AFB6C /* GCDWebServerDataResponse.h */ = {isa = PBXFileReference; name = "GCDWebServerDataResponse.h"; path = "cordova-plugin-ionic-webview/GCDWebServerDataResponse.h"; sourceTree = "<group>"; fileEncoding = 4; lastKnownFileType = sourcecode.c.h; explicitFileType = undefined; includeInIndex = 0; };
		4ACE5F287670428B889A5987 /* GCDWebServerErrorResponse.h */ = {isa = PBXFileReference; name = "GCDWebServerErrorResponse.h"; path = "cordova-plugin-ionic-webview/GCDWebServerErrorResponse.h"; sourceTree = "<group>"; fileEncoding = 4; lastKnownFileType = sourcecode.c.h; explicitFileType = undefined; includeInIndex = 0; };
		60F0B6F0522D4A71A6DDA416 /* GCDWebServerFileResponse.h */ = {isa = PBXFileReference; name = "GCDWebServerFileResponse.h"; path = "cordova-plugin-ionic-webview/GCDWebServerFileResponse.h"; sourceTree = "<group>"; fileEncoding = 4; lastKnownFileType = sourcecode.c.h; explicitFileType = undefined; includeInIndex = 0; };
		BC2019A935B649E6B68729BE /* GCDWebServerStreamedResponse.h */ = {isa = PBXFileReference; name = "GCDWebServerStreamedResponse.h"; path = "cordova-plugin-ionic-webview/GCDWebServerStreamedResponse.h"; sourceTree = "<group>"; fileEncoding = 4; lastKnownFileType = sourcecode.c.h; explicitFileType = undefined; includeInIndex = 0; };
		21CB50A3AD0D4F8C94F708EB /* WebKit.framework */ = {isa = PBXFileReference; name = "WebKit.framework"; path = "System/Library/Frameworks/WebKit.framework"; sourceTree = SDKROOT; fileEncoding = undefined; lastKnownFileType = wrapper.framework; explicitFileType = undefined; includeInIndex = 0; };
		1852DA1383444D839CE904EC /* libz.tbd */ = {isa = PBXFileReference; name = "libz.tbd"; path = "usr/lib/libz.tbd"; sourceTree = SDKROOT; fileEncoding = undefined; lastKnownFileType = sourcecode.text-based-dylib-definition; explicitFileType = undefined; includeInIndex = 0; };
		0EB8DE373C2140E5A1E16CD2 /* CDVStatusBar.m */ = {isa = PBXFileReference; name = "CDVStatusBar.m"; path = "cordova-plugin-statusbar/CDVStatusBar.m"; sourceTree = "<group>"; fileEncoding = 4; lastKnownFileType = sourcecode.c.objc; explicitFileType = undefined; includeInIndex = 0; };
		0D8519D9DC254006B7D4EC06 /* CDVStatusBar.h */ = {isa = PBXFileReference; name = "CDVStatusBar.h"; path = "cordova-plugin-statusbar/CDVStatusBar.h"; sourceTree = "<group>"; fileEncoding = 4; lastKnownFileType = sourcecode.c.h; explicitFileType = undefined; includeInIndex = 0; };
		8B7966D0AE4E43DFB07CC24B /* StreamingMedia.m */ = {isa = PBXFileReference; name = "StreamingMedia.m"; path = "cordova-plugin-streaming-media/StreamingMedia.m"; sourceTree = "<group>"; fileEncoding = 4; lastKnownFileType = sourcecode.c.objc; explicitFileType = undefined; includeInIndex = 0; };
		BE49991B137C411AB1254143 /* LandscapeVideo.m */ = {isa = PBXFileReference; name = "LandscapeVideo.m"; path = "cordova-plugin-streaming-media/LandscapeVideo.m"; sourceTree = "<group>"; fileEncoding = 4; lastKnownFileType = sourcecode.c.objc; explicitFileType = undefined; includeInIndex = 0; };
		4033361EE37B4DAB99986503 /* PortraitVideo.m */ = {isa = PBXFileReference; name = "PortraitVideo.m"; path = "cordova-plugin-streaming-media/PortraitVideo.m"; sourceTree = "<group>"; fileEncoding = 4; lastKnownFileType = sourcecode.c.objc; explicitFileType = undefined; includeInIndex = 0; };
		78A103FA973348A9A0551607 /* StreamingMedia.h */ = {isa = PBXFileReference; name = "StreamingMedia.h"; path = "cordova-plugin-streaming-media/StreamingMedia.h"; sourceTree = "<group>"; fileEncoding = 4; lastKnownFileType = sourcecode.c.h; explicitFileType = undefined; includeInIndex = 0; };
		820A7F7469AC41C58059FCC7 /* LandscapeVideo.h */ = {isa = PBXFileReference; name = "LandscapeVideo.h"; path = "cordova-plugin-streaming-media/LandscapeVideo.h"; sourceTree = "<group>"; fileEncoding = 4; lastKnownFileType = sourcecode.c.h; explicitFileType = undefined; includeInIndex = 0; };
		76B64DFBFAD5407885C3A042 /* PortraitVideo.h */ = {isa = PBXFileReference; name = "PortraitVideo.h"; path = "cordova-plugin-streaming-media/PortraitVideo.h"; sourceTree = "<group>"; fileEncoding = 4; lastKnownFileType = sourcecode.c.h; explicitFileType = undefined; includeInIndex = 0; };
		E0C8550674BA4A068C6846A3 /* MediaPlayer.framework */ = {isa = PBXFileReference; name = "MediaPlayer.framework"; path = "System/Library/Frameworks/MediaPlayer.framework"; sourceTree = SDKROOT; fileEncoding = undefined; lastKnownFileType = wrapper.framework; explicitFileType = undefined; includeInIndex = 0; };
		16EC112FDC8C4ADBB3647755 /* UICKeyChainStore.m */ = {isa = PBXFileReference; name = "UICKeyChainStore.m"; path = "cordova-plugin-uniquedeviceid/UICKeyChainStore.m"; sourceTree = "<group>"; fileEncoding = 4; lastKnownFileType = sourcecode.c.objc; explicitFileType = undefined; includeInIndex = 0; };
		D6D709C459EF45D28D24E4D0 /* CDVUniqueDeviceID.m */ = {isa = PBXFileReference; name = "CDVUniqueDeviceID.m"; path = "cordova-plugin-uniquedeviceid/CDVUniqueDeviceID.m"; sourceTree = "<group>"; fileEncoding = 4; lastKnownFileType = sourcecode.c.objc; explicitFileType = undefined; includeInIndex = 0; };
		1BFCC262B6FF4863B19D5746 /* UICKeyChainStore.h */ = {isa = PBXFileReference; name = "UICKeyChainStore.h"; path = "cordova-plugin-uniquedeviceid/UICKeyChainStore.h"; sourceTree = "<group>"; fileEncoding = 4; lastKnownFileType = sourcecode.c.h; explicitFileType = undefined; includeInIndex = 0; };
		85648EF6C9EC430D98E38668 /* CDVUniqueDeviceID.h */ = {isa = PBXFileReference; name = "CDVUniqueDeviceID.h"; path = "cordova-plugin-uniquedeviceid/CDVUniqueDeviceID.h"; sourceTree = "<group>"; fileEncoding = 4; lastKnownFileType = sourcecode.c.h; explicitFileType = undefined; includeInIndex = 0; };
		5BC0A709DBC14C9B8C14D814 /* Security.framework */ = {isa = PBXFileReference; name = "Security.framework"; path = "System/Library/Frameworks/Security.framework"; sourceTree = SDKROOT; fileEncoding = undefined; lastKnownFileType = wrapper.framework; explicitFileType = undefined; includeInIndex = 0; };
		BAA69B7401D548D98F74D5CD /* YoutubeVideoPlayer.m */ = {isa = PBXFileReference; name = "YoutubeVideoPlayer.m"; path = "cordova-plugin-youtube-video-player/YoutubeVideoPlayer.m"; sourceTree = "<group>"; fileEncoding = 4; lastKnownFileType = sourcecode.c.objc; explicitFileType = undefined; includeInIndex = 0; };
		E5B6325A1E194AD2A2879C33 /* YoutubeVideoPlayer.h */ = {isa = PBXFileReference; name = "YoutubeVideoPlayer.h"; path = "cordova-plugin-youtube-video-player/YoutubeVideoPlayer.h"; sourceTree = "<group>"; fileEncoding = 4; lastKnownFileType = sourcecode.c.h; explicitFileType = undefined; includeInIndex = 0; };
		1A089A81FF5C4C21B06B3F06 /* AVFoundation.framework */ = {isa = PBXFileReference; name = "AVFoundation.framework"; path = "System/Library/Frameworks/AVFoundation.framework"; sourceTree = SDKROOT; fileEncoding = undefined; lastKnownFileType = wrapper.framework; explicitFileType = undefined; includeInIndex = 0; };
		0229612550984A6C84B9F4E2 /* JavaScriptCore.framework */ = {isa = PBXFileReference; name = "JavaScriptCore.framework"; path = "System/Library/Frameworks/JavaScriptCore.framework"; sourceTree = SDKROOT; fileEncoding = undefined; lastKnownFileType = wrapper.framework; explicitFileType = undefined; includeInIndex = 0; };
/* End PBXFileReference section */

/* Begin PBXFrameworksBuildPhase section */
		1D60588F0D05DD3D006BFB54 /* Frameworks */ = {
			isa = PBXFrameworksBuildPhase;
			buildActionMask = 2147483647;
			files = (
				301BF552109A68D80062928A /* libCordova.a in Frameworks */,
				2BA96408F2F0462D8AE69317 /* WebKit.framework in Frameworks */,
				49B1E84FFC364C5E9EACC87F /* libz.tbd in Frameworks */,
				7EB6A93155CD4B6F8F7A8920 /* MediaPlayer.framework in Frameworks */,
				0E2D923CECDF4733B22270AD /* Security.framework in Frameworks */,
				46185065C349465A8C56CF6A /* AVFoundation.framework in Frameworks */,
				CC373D7B768649FFB071A8C4 /* JavaScriptCore.framework in Frameworks */,
			);
			runOnlyForDeploymentPostprocessing = 0;
		};
/* End PBXFrameworksBuildPhase section */

/* Begin PBXGroup section */
		080E96DDFE201D6D7F000001 /* Classes */ = {
			isa = PBXGroup;
			children = (
				302D95EE14D2391D003F00A1 /* MainViewController.h */,
				302D95EF14D2391D003F00A1 /* MainViewController.m */,
				302D95F014D2391D003F00A1 /* MainViewController.xib */,
				1D3623240D0F684500981E51 /* AppDelegate.h */,
				1D3623250D0F684500981E51 /* AppDelegate.m */,
			);
			name = Classes;
			path = "Xplayer/Classes";
			sourceTree = SOURCE_ROOT;
		};
		19C28FACFE9D520D11CA2CBB /* Products */ = {
			isa = PBXGroup;
			children = (
				1D6058910D05DD3D006BFB54 /* Xplayer.app */,
			);
			name = Products;
			sourceTree = "<group>";
		};
		29B97314FDCFA39411CA2CEA /* CustomTemplate */ = {
			isa = PBXGroup;
			children = (
				EB87FDF41871DAF40020F90C /* config.xml */,
				EB87FDF31871DA8E0020F90C /* www */,
				EB87FDF11871DA420020F90C /* Staging */,
				301BF52D109A57CC0062928A /* CordovaLib/CordovaLib.xcodeproj */,
				080E96DDFE201D6D7F000001 /* Classes */,
				307C750510C5A3420062BCA9 /* Plugins */,
				29B97315FDCFA39411CA2CEA /* Other Sources */,
				29B97317FDCFA39411CA2CEA /* Resources */,
				29B97323FDCFA39411CA2CEA /* Frameworks */,
				19C28FACFE9D520D11CA2CBB /* Products */,
			);
			name = CustomTemplate;
			sourceTree = "<group>";
		};
		29B97315FDCFA39411CA2CEA /* Other Sources */ = {
			isa = PBXGroup;
			children = (
				32CA4F630368D1EE00C91783 /* Xplayer-Prefix.pch */,
				29B97316FDCFA39411CA2CEA /* main.m */,
				ED33DF2A687741AEAF9F8254 /* Bridging-Header.h */,
			);
			name = "Other Sources";
			path = "Xplayer";
			sourceTree = "<group>";
		};
		29B97317FDCFA39411CA2CEA /* Resources */ = {
			isa = PBXGroup;
			children = (
				0207DA571B56EA530066E2B4 /* Images.xcassets */,
				3047A50E1AB8057F00498E2A /* config */,
				8D1107310486CEB800E47090 /* Xplayer-Info.plist */,
				6AFF5BF81D6E424B00AB3073 /* CDVLaunchScreen.storyboard */,
			);
			name = Resources;
			path = "Xplayer/Resources";
			sourceTree = "<group>";
		};
		29B97323FDCFA39411CA2CEA /* Frameworks */ = {
			isa = PBXGroup;
			children = (
				21CB50A3AD0D4F8C94F708EB /* WebKit.framework */,
				1852DA1383444D839CE904EC /* libz.tbd */,
				E0C8550674BA4A068C6846A3 /* MediaPlayer.framework */,
				5BC0A709DBC14C9B8C14D814 /* Security.framework */,
				1A089A81FF5C4C21B06B3F06 /* AVFoundation.framework */,
				0229612550984A6C84B9F4E2 /* JavaScriptCore.framework */,
			);
			name = Frameworks;
			sourceTree = "<group>";
		};
		301BF52E109A57CC0062928A /* Products */ = {
			isa = PBXGroup;
			children = (
				301BF535109A57CC0062928A /* libCordova.a */,
				907D8124214C687600058A10 /* Cordova.framework */,
			);
			name = Products;
			sourceTree = "<group>";
		};
		3047A50E1AB8057F00498E2A /* config */ = {
			isa = PBXGroup;
			children = (
				3047A50F1AB8059700498E2A /* build-debug.xcconfig */,
				3047A5101AB8059700498E2A /* build-release.xcconfig */,
				3047A5111AB8059700498E2A /* build.xcconfig */,
			);
			name = config;
			sourceTree = "<group>";
		};
		307C750510C5A3420062BCA9 /* Plugins */ = {
			isa = PBXGroup;
			children = (
				DE1BE263B2404C6C81C98627 /* AppAvailability.m */,
				9C874115AE994661A4669BA4 /* AppAvailability.h */,
				CDD8A62C623649A6AADB2FF0 /* CDVDevice.m */,
				93C036925D184A12B3D4CFB2 /* CDVDevice.h */,
				3D11C914C0C849818AD5DD0B /* CDVInAppBrowser.m */,
				436EC69F675146DBAF3CC3C2 /* CDVInAppBrowserOptions.m */,
				894EDE3B4CD6450A9A1BC5C5 /* CDVInAppBrowserNavigationController.m */,
				FD54E718FE4045E4AD601A5A /* CDVUIInAppBrowser.m */,
				3015B58DD2D24515B1BA22E6 /* CDVWKInAppBrowser.m */,
				9491703BE89148B18F6A14AF /* CDVWKInAppBrowserUIDelegate.m */,
				CBD42E59A4A14C4092AF628B /* CDVInAppBrowser.h */,
				F9686A0255314116B5CA8179 /* CDVInAppBrowserOptions.h */,
				7C4A87679F7946F18B387FC6 /* CDVInAppBrowserNavigationController.h */,
				B210CDA49B9B47B99D8BA0AE /* CDVUIInAppBrowser.h */,
				9F2CDB3C7F6A4EF68867EB2C /* CDVWKInAppBrowser.h */,
				956CDA3462E64834869AA46E /* CDVWKInAppBrowserUIDelegate.h */,
				12EE63642FAE42E0ACD62123 /* CDVIonicKeyboard.m */,
				69C5ED1A49E44086A7050231 /* CDVIonicKeyboard.h */,
				B4CC13D686A8489EBAE95B37 /* CDVWKWebViewEngine.m */,
				2953AA8DAB20447F9341E30E /* CDVWKWebViewUIDelegate.m */,
				1FE2333410D34EB5B9560008 /* CDVWKProcessPoolFactory.m */,
				33F3E7ADB5C94E1CB89FF2ED /* IONAssetHandler.m */,
				68ECAA3D65204D9E8FDEDD9C /* GCDWebServer.m */,
				641E32887E4D433288CF6500 /* GCDWebServerConnection.m */,
				AF6942DA85FE44798357B7BE /* GCDWebServerFunctions.m */,
				C5B90623FD6B4F188358636C /* GCDWebServerRequest.m */,
				CCEABC0067694318A0DB034B /* GCDWebServerResponse.m */,
				48D254B0101D4BE0AD2EC61B /* GCDWebServerDataRequest.m */,
				DC029944F435479CBD4D2922 /* GCDWebServerFileRequest.m */,
				740498614835407F9A391E86 /* GCDWebServerMultiPartFormRequest.m */,
				5C98DBD32E764453B134CF9C /* GCDWebServerURLEncodedFormRequest.m */,
				18A101782475488E9B918719 /* GCDWebServerDataResponse.m */,
				26064C8C158C4AE6ACFFB184 /* GCDWebServerErrorResponse.m */,
				6636707BD0074FB4800031AC /* GCDWebServerFileResponse.m */,
				49B3E7DF72CF4411BD90D01D /* GCDWebServerStreamedResponse.m */,
				161A6737949F4CBBB857C846 /* CDVWKWebViewEngine.h */,
				901ACFAB78F8420DA293CE22 /* CDVWKWebViewUIDelegate.h */,
				817C65596A9D4D7FBE9FBB9E /* CDVWKProcessPoolFactory.h */,
				F228FB823A934748BBC44696 /* IONAssetHandler.h */,
				EAD64F216C3948CAB6C899AB /* GCDWebServer.h */,
				9CAB370CBCD847FA92562728 /* GCDWebServerConnection.h */,
				4033BF41D3BA4A9691EA68A8 /* GCDWebServerFunctions.h */,
				908ED2F526D440AEB574B0F4 /* GCDWebServerHTTPStatusCodes.h */,
				8F32CC87E84A4697A5717F85 /* GCDWebServerPrivate.h */,
				51F2E4EFCA6D4052820223E8 /* GCDWebServerRequest.h */,
				0BCDEE1E8BF34CB58545612B /* GCDWebServerResponse.h */,
				FA055CA6723941F6BD1A5B2A /* GCDWebServerDataRequest.h */,
				6799BBF105DA4F7DB1E1D009 /* GCDWebServerFileRequest.h */,
				60A25E81FCD244C5B2856AB6 /* GCDWebServerMultiPartFormRequest.h */,
				9F581A5E002C49B29EBF0D3F /* GCDWebServerURLEncodedFormRequest.h */,
				2B85D8A8F608461CA87AFB6C /* GCDWebServerDataResponse.h */,
				4ACE5F287670428B889A5987 /* GCDWebServerErrorResponse.h */,
				60F0B6F0522D4A71A6DDA416 /* GCDWebServerFileResponse.h */,
				BC2019A935B649E6B68729BE /* GCDWebServerStreamedResponse.h */,
				0EB8DE373C2140E5A1E16CD2 /* CDVStatusBar.m */,
				0D8519D9DC254006B7D4EC06 /* CDVStatusBar.h */,
				8B7966D0AE4E43DFB07CC24B /* StreamingMedia.m */,
				BE49991B137C411AB1254143 /* LandscapeVideo.m */,
				4033361EE37B4DAB99986503 /* PortraitVideo.m */,
				78A103FA973348A9A0551607 /* StreamingMedia.h */,
				820A7F7469AC41C58059FCC7 /* LandscapeVideo.h */,
				76B64DFBFAD5407885C3A042 /* PortraitVideo.h */,
				16EC112FDC8C4ADBB3647755 /* UICKeyChainStore.m */,
				D6D709C459EF45D28D24E4D0 /* CDVUniqueDeviceID.m */,
				1BFCC262B6FF4863B19D5746 /* UICKeyChainStore.h */,
				85648EF6C9EC430D98E38668 /* CDVUniqueDeviceID.h */,
				BAA69B7401D548D98F74D5CD /* YoutubeVideoPlayer.m */,
				E5B6325A1E194AD2A2879C33 /* YoutubeVideoPlayer.h */,
			);
			name = Plugins;
			path = "Xplayer/Plugins";
			sourceTree = SOURCE_ROOT;
		};
		EB87FDF11871DA420020F90C /* Staging */ = {
			isa = PBXGroup;
			children = (
				F840E1F0165FE0F500CFE078 /* config.xml */,
				301BF56E109A69640062928A /* www */,
			);
			name = Staging;
			sourceTree = "<group>";
		};
/* End PBXGroup section */

/* Begin PBXNativeTarget section */
		1D6058900D05DD3D006BFB54 /* Xplayer */ = {
			isa = PBXNativeTarget;
			buildConfigurationList = 1D6058960D05DD3E006BFB54 /* Build configuration list for PBXNativeTarget "Xplayer" */;
			buildPhases = (
				304B58A110DAC018002A0835 /* Copy www directory */,
				1D60588D0D05DD3D006BFB54 /* Resources */,
				1D60588E0D05DD3D006BFB54 /* Sources */,
				1D60588F0D05DD3D006BFB54 /* Frameworks */,
			);
			buildRules = (
			);
			dependencies = (
				301BF551109A68C00062928A /* PBXTargetDependency */,
			);
			name = "Xplayer";
			productName = "Xplayer";
			productReference = 1D6058910D05DD3D006BFB54 /* Xplayer.app */;
			productType = "com.apple.product-type.application";
		};
/* End PBXNativeTarget section */

/* Begin PBXProject section */
		29B97313FDCFA39411CA2CEA /* Project object */ = {
			isa = PBXProject;
			attributes = {
				LastUpgradeCheck = 1130;
				TargetAttributes = {
					1D6058900D05DD3D006BFB54 = {
						ProvisioningStyle = Automatic;
					};
				};
			};
			buildConfigurationList = C01FCF4E08A954540054247B /* Build configuration list for PBXProject "Xplayer" */;
			compatibilityVersion = "Xcode 11.0";
			developmentRegion = en;
			hasScannedForEncodings = 1;
			knownRegions = (
				en,
				Base,
			);
			mainGroup = 29B97314FDCFA39411CA2CEA /* CustomTemplate */;
			projectDirPath = "";
			projectReferences = (
				{
					ProductGroup = 301BF52E109A57CC0062928A /* Products */;
					ProjectRef = 301BF52D109A57CC0062928A /* CordovaLib/CordovaLib.xcodeproj */;
				},
			);
			projectRoot = "";
			targets = (
				1D6058900D05DD3D006BFB54 /* Xplayer */,
			);
		};
/* End PBXProject section */

/* Begin PBXReferenceProxy section */
		301BF535109A57CC0062928A /* libCordova.a */ = {
			isa = PBXReferenceProxy;
			fileType = archive.ar;
			path = libCordova.a;
			remoteRef = 301BF534109A57CC0062928A /* PBXContainerItemProxy */;
			sourceTree = BUILT_PRODUCTS_DIR;
		};
		907D8124214C687600058A10 /* Cordova.framework */ = {
			isa = PBXReferenceProxy;
			fileType = wrapper.framework;
			path = Cordova.framework;
			remoteRef = 907D8123214C687600058A10 /* PBXContainerItemProxy */;
			sourceTree = BUILT_PRODUCTS_DIR;
		};
/* End PBXReferenceProxy section */

/* Begin PBXResourcesBuildPhase section */
		1D60588D0D05DD3D006BFB54 /* Resources */ = {
			isa = PBXResourcesBuildPhase;
			buildActionMask = 2147483647;
			files = (
				302D95F214D2391D003F00A1 /* MainViewController.xib in Resources */,
				0207DA581B56EA530066E2B4 /* Images.xcassets in Resources */,
				6AFF5BF91D6E424B00AB3073 /* CDVLaunchScreen.storyboard in Resources */,
			);
			runOnlyForDeploymentPostprocessing = 0;
		};
/* End PBXResourcesBuildPhase section */

/* Begin PBXShellScriptBuildPhase section */
		304B58A110DAC018002A0835 /* Copy www directory */ = {
			isa = PBXShellScriptBuildPhase;
			buildActionMask = 2147483647;
			files = (
			);
			inputPaths = (
			);
			name = "Copy www directory";
			outputPaths = (
			);
			runOnlyForDeploymentPostprocessing = 0;
			shellPath = /bin/sh;
			shellScript = "\"$SRCROOT/Xplayer/Scripts/copy-www-build-step.sh\"";
			showEnvVarsInLog = 0;
		};
/* End PBXShellScriptBuildPhase section */

/* Begin PBXSourcesBuildPhase section */
		1D60588E0D05DD3D006BFB54 /* Sources */ = {
			isa = PBXSourcesBuildPhase;
			buildActionMask = 2147483647;
			files = (
				1D60589B0D05DD56006BFB54 /* main.m in Sources */,
				1D3623260D0F684500981E51 /* AppDelegate.m in Sources */,
				302D95F114D2391D003F00A1 /* MainViewController.m in Sources */,
				C716DCEA3FC9442AA87F0A1E /* AppAvailability.m in Sources */,
				D448994FA68A485889EE62D9 /* CDVDevice.m in Sources */,
				F84961CDA92040C0813E1D50 /* CDVInAppBrowser.m in Sources */,
				109B9D4A84EB43FCA7B8D884 /* CDVInAppBrowserOptions.m in Sources */,
				D4472A982F52419C87D6B410 /* CDVInAppBrowserNavigationController.m in Sources */,
				BFCF9042687D47DA9468F09D /* CDVUIInAppBrowser.m in Sources */,
				320A6660270E4B93B802211D /* CDVWKInAppBrowser.m in Sources */,
				A659CBD46939442F8742BE25 /* CDVWKInAppBrowserUIDelegate.m in Sources */,
				6B531E6060FE4EAC8B2C0620 /* CDVIonicKeyboard.m in Sources */,
				97159DCF2D034B15BCBCDBF9 /* CDVWKWebViewEngine.m in Sources */,
				C7A8F6B8DECB4E9086C88D63 /* CDVWKWebViewUIDelegate.m in Sources */,
				25A4D8D59EE44A77910D0244 /* CDVWKProcessPoolFactory.m in Sources */,
				9BCC5F8F95FF49FC8664EA7F /* IONAssetHandler.m in Sources */,
				047F3B7208914A7EBEAE98CB /* GCDWebServer.m in Sources */,
				B5D70799BCCB48E8BE1A7C08 /* GCDWebServerConnection.m in Sources */,
				4BBD8400216542EABB83618C /* GCDWebServerFunctions.m in Sources */,
				7E43E634FBD9465A95DC0648 /* GCDWebServerRequest.m in Sources */,
				1A40DE3E14AF45B4BBF3FC25 /* GCDWebServerResponse.m in Sources */,
				2B9B7CCE50B64335BDA66D2D /* GCDWebServerDataRequest.m in Sources */,
				85ADF7AF42E24F4D9CD0B25A /* GCDWebServerFileRequest.m in Sources */,
				6117F280C5114FAAA0747FE8 /* GCDWebServerMultiPartFormRequest.m in Sources */,
				4B367917219B4171B0B1A6D5 /* GCDWebServerURLEncodedFormRequest.m in Sources */,
				7B86955DC12B47B289953E81 /* GCDWebServerDataResponse.m in Sources */,
				27CF1AD894DB4907A544A565 /* GCDWebServerErrorResponse.m in Sources */,
				37ADDB926B9E4D259223E0E7 /* GCDWebServerFileResponse.m in Sources */,
				E8C6603D14A54EB4A8E9CB96 /* GCDWebServerStreamedResponse.m in Sources */,
				82A2C3981BC64432A6F08DF3 /* CDVStatusBar.m in Sources */,
				A4FC1FFB2EE146088E8483C3 /* StreamingMedia.m in Sources */,
				8C2B25620BED4EF4A178CA89 /* LandscapeVideo.m in Sources */,
				BC2EED9642944EDDB2F4E793 /* PortraitVideo.m in Sources */,
				CADC2F92737740BEA15D8437 /* UICKeyChainStore.m in Sources */,
				E0CF01B27FC94A5BACDD12E5 /* CDVUniqueDeviceID.m in Sources */,
				59315E629F3A4C7DB2228643 /* YoutubeVideoPlayer.m in Sources */,
			);
			runOnlyForDeploymentPostprocessing = 0;
		};
/* End PBXSourcesBuildPhase section */

/* Begin PBXTargetDependency section */
		301BF551109A68C00062928A /* PBXTargetDependency */ = {
			isa = PBXTargetDependency;
			name = CordovaLib;
			targetProxy = 301BF550109A68C00062928A /* PBXContainerItemProxy */;
		};
/* End PBXTargetDependency section */

/* Begin XCBuildConfiguration section */
		1D6058940D05DD3E006BFB54 /* Debug */ = {
			isa = XCBuildConfiguration;
			baseConfigurationReference = 3047A50F1AB8059700498E2A /* build-debug.xcconfig */;
			buildSettings = {
				ALWAYS_SEARCH_USER_PATHS = NO;
				ASSETCATALOG_COMPILER_APPICON_NAME = AppIcon;
				CLANG_ENABLE_MODULES = YES;
				CLANG_ENABLE_OBJC_ARC = YES;
				COPY_PHASE_STRIP = NO;
				GCC_DYNAMIC_NO_PIC = NO;
				GCC_OPTIMIZATION_LEVEL = 0;
				GCC_PRECOMPILE_PREFIX_HEADER = YES;
				GCC_PREFIX_HEADER = "Xplayer/Xplayer-Prefix.pch";
				GCC_THUMB_SUPPORT = NO;
				GCC_VERSION = "";
				INFOPLIST_FILE = "Xplayer/Xplayer-Info.plist";
				IPHONEOS_DEPLOYMENT_TARGET = 11.0;
				LD_RUNPATH_SEARCH_PATHS = "@executable_path/Frameworks";
				PRODUCT_BUNDLE_IDENTIFIER = live.tplay;
				PRODUCT_NAME = "$(TARGET_NAME)";
				TARGETED_DEVICE_FAMILY = "1,2";
			};
			name = Debug;
		};
		1D6058950D05DD3E006BFB54 /* Release */ = {
			isa = XCBuildConfiguration;
			baseConfigurationReference = 3047A5101AB8059700498E2A /* build-release.xcconfig */;
			buildSettings = {
				ALWAYS_SEARCH_USER_PATHS = NO;
				ASSETCATALOG_COMPILER_APPICON_NAME = AppIcon;
				CLANG_ENABLE_MODULES = YES;
				CLANG_ENABLE_OBJC_ARC = YES;
				COPY_PHASE_STRIP = YES;
				GCC_PRECOMPILE_PREFIX_HEADER = YES;
				GCC_PREFIX_HEADER = "Xplayer/Xplayer-Prefix.pch";
				GCC_THUMB_SUPPORT = NO;
				GCC_VERSION = "";
				INFOPLIST_FILE = "Xplayer/Xplayer-Info.plist";
				IPHONEOS_DEPLOYMENT_TARGET = 11.0;
				LD_RUNPATH_SEARCH_PATHS = "@executable_path/Frameworks";
				PRODUCT_BUNDLE_IDENTIFIER = live.tplay;
				PRODUCT_NAME = "$(TARGET_NAME)";
				TARGETED_DEVICE_FAMILY = "1,2";
			};
			name = Release;
		};
		C01FCF4F08A954540054247B /* Debug */ = {
			isa = XCBuildConfiguration;
			baseConfigurationReference = 3047A5111AB8059700498E2A /* build.xcconfig */;
			buildSettings = {
				CLANG_ANALYZER_LOCALIZABILITY_NONLOCALIZED = YES;
				CLANG_ENABLE_MODULES = YES;
				CLANG_ENABLE_OBJC_ARC = YES;
				CLANG_WARN_BLOCK_CAPTURE_AUTORELEASING = YES;
				CLANG_WARN_BOOL_CONVERSION = YES;
				CLANG_WARN_COMMA = YES;
				CLANG_WARN_CONSTANT_CONVERSION = YES;
				CLANG_WARN_DEPRECATED_OBJC_IMPLEMENTATIONS = YES;
				CLANG_WARN_EMPTY_BODY = YES;
				CLANG_WARN_ENUM_CONVERSION = YES;
				CLANG_WARN_INFINITE_RECURSION = YES;
				CLANG_WARN_INT_CONVERSION = YES;
				CLANG_WARN_NON_LITERAL_NULL_CONVERSION = YES;
				CLANG_WARN_OBJC_IMPLICIT_RETAIN_SELF = YES;
				CLANG_WARN_OBJC_LITERAL_CONVERSION = YES;
				CLANG_WARN_RANGE_LOOP_ANALYSIS = YES;
				CLANG_WARN_STRICT_PROTOTYPES = YES;
				CLANG_WARN_SUSPICIOUS_MOVE = YES;
				CLANG_WARN_UNREACHABLE_CODE = YES;
				CLANG_WARN__DUPLICATE_METHOD_MATCH = YES;
				ENABLE_STRICT_OBJC_MSGSEND = YES;
				ENABLE_TESTABILITY = YES;
				GCC_C_LANGUAGE_STANDARD = c99;
				GCC_NO_COMMON_BLOCKS = YES;
				GCC_THUMB_SUPPORT = NO;
				GCC_VERSION = "";
				GCC_WARN_64_TO_32_BIT_CONVERSION = YES;
				GCC_WARN_ABOUT_RETURN_TYPE = YES;
				GCC_WARN_UNDECLARED_SELECTOR = YES;
				GCC_WARN_UNINITIALIZED_AUTOS = YES;
				GCC_WARN_UNUSED_FUNCTION = YES;
				GCC_WARN_UNUSED_VARIABLE = YES;
				ONLY_ACTIVE_ARCH = YES;
				SDKROOT = iphoneos;
				SKIP_INSTALL = NO;
				WK_WEB_VIEW_ONLY = 1;
			};
			name = Debug;
		};
		C01FCF5008A954540054247B /* Release */ = {
			isa = XCBuildConfiguration;
			baseConfigurationReference = 3047A5111AB8059700498E2A /* build.xcconfig */;
			buildSettings = {
				CLANG_ANALYZER_LOCALIZABILITY_NONLOCALIZED = YES;
				CLANG_ENABLE_MODULES = YES;
				CLANG_ENABLE_OBJC_ARC = YES;
				CLANG_WARN_BLOCK_CAPTURE_AUTORELEASING = YES;
				CLANG_WARN_BOOL_CONVERSION = YES;
				CLANG_WARN_COMMA = YES;
				CLANG_WARN_CONSTANT_CONVERSION = YES;
				CLANG_WARN_DEPRECATED_OBJC_IMPLEMENTATIONS = YES;
				CLANG_WARN_EMPTY_BODY = YES;
				CLANG_WARN_ENUM_CONVERSION = YES;
				CLANG_WARN_INFINITE_RECURSION = YES;
				CLANG_WARN_INT_CONVERSION = YES;
				CLANG_WARN_NON_LITERAL_NULL_CONVERSION = YES;
				CLANG_WARN_OBJC_IMPLICIT_RETAIN_SELF = YES;
				CLANG_WARN_OBJC_LITERAL_CONVERSION = YES;
				CLANG_WARN_RANGE_LOOP_ANALYSIS = YES;
				CLANG_WARN_STRICT_PROTOTYPES = YES;
				CLANG_WARN_SUSPICIOUS_MOVE = YES;
				CLANG_WARN_UNREACHABLE_CODE = YES;
				CLANG_WARN__DUPLICATE_METHOD_MATCH = YES;
				ENABLE_STRICT_OBJC_MSGSEND = YES;
				GCC_C_LANGUAGE_STANDARD = c99;
				GCC_NO_COMMON_BLOCKS = YES;
				GCC_THUMB_SUPPORT = NO;
				GCC_VERSION = "";
				GCC_WARN_64_TO_32_BIT_CONVERSION = YES;
				GCC_WARN_ABOUT_RETURN_TYPE = YES;
				GCC_WARN_UNDECLARED_SELECTOR = YES;
				GCC_WARN_UNINITIALIZED_AUTOS = YES;
				GCC_WARN_UNUSED_FUNCTION = YES;
				GCC_WARN_UNUSED_VARIABLE = YES;
				SDKROOT = iphoneos;
				SKIP_INSTALL = NO;
				WK_WEB_VIEW_ONLY = 1;
			};
			name = Release;
		};
/* End XCBuildConfiguration section */

/* Begin XCConfigurationList section */
		1D6058960D05DD3E006BFB54 /* Build configuration list for PBXNativeTarget "Xplayer" */ = {
			isa = XCConfigurationList;
			buildConfigurations = (
				1D6058940D05DD3E006BFB54 /* Debug */,
				1D6058950D05DD3E006BFB54 /* Release */,
			);
			defaultConfigurationIsVisible = 0;
			defaultConfigurationName = Release;
		};
		C01FCF4E08A954540054247B /* Build configuration list for PBXProject "Xplayer" */ = {
			isa = XCConfigurationList;
			buildConfigurations = (
				C01FCF4F08A954540054247B /* Debug */,
				C01FCF5008A954540054247B /* Release */,
			);
			defaultConfigurationIsVisible = 0;
			defaultConfigurationName = Release;
		};
/* End XCConfigurationList section */
	};
	rootObject = 29B97313FDCFA39411CA2CEA /* Project object */;
}
